{
  "requires": true,
  "lockfileVersion": 1,
  "dependencies": {
    "markdown-it-external-links": {
      "version": "0.0.6",
      "resolved": "https://registry.npmjs.org/markdown-it-external-links/-/markdown-it-external-links-0.0.6.tgz",
      "integrity": "sha1-lQMlj85MgQEOoV/nF2nWOhNG2AE="
    }
  }
}
